DEPENDENCIES
  typo3
    path: .
    metadata: true

GRAPH
  apparmor (2.0.1)
    compat_resource (>= 0.0.0)
  apt (4.0.1)
    compat_resource (>= 12.10)
  build-essential (6.0.0)
    compat_resource (>= 12.10)
    mingw (>= 1.1)
    seven_zip (>= 0.0.0)
  chef-sugar (3.3.0)
  chef_handler (1.4.0)
  compat_resource (12.10.6)
  database (5.1.2)
    postgresql (>= 1.0.0)
  hostnames (0.3.6)
    hostsfile (>= 0.0.0)
  hostsfile (2.4.5)
  locales (0.3.1)
  mariadb (0.3.1)
    apt (>= 0.0.0)
    yum (>= 0.0.0)
    yum-epel (>= 0.0.0)
  mingw (1.2.2)
    compat_resource (>= 0.0.0)
    seven_zip (>= 0.0.0)
  mysql (7.2.0)
    smf (>= 0.0.0)
    yum-mysql-community (>= 0.0.0)
  mysql2_chef_gem (1.1.0)
    build-essential (>= 0.0.0)
    mariadb (>= 0.0.0)
    mysql (>= 6.0)
  openssl (4.4.0)
    chef-sugar (>= 3.1.1)
  partial_search (1.0.9)
  postgresql (4.0.6)
    apt (>= 1.9.0)
    build-essential (>= 0.0.0)
    openssl (~> 4.0)
  rbac (1.0.3)
  seven_zip (2.0.1)
    windows (>= 1.2.2)
  smf (2.2.8)
    rbac (>= 1.0.1)
  ssh_known_hosts (2.0.0)
    partial_search (>= 0.0.0)
  systemd (2.0.0)
  tar (0.7.0)
  timezone-ii (0.2.0)
  typo3 (0.1.0)
    apparmor (>= 0.0.0)
    apt (>= 0.0.0)
    build-essential (>= 0.0.0)
    database (>= 0.0.0)
    hostnames (>= 0.0.0)
    locales (>= 0.0.0)
    mysql (>= 0.0.0)
    mysql2_chef_gem (>= 0.0.0)
    ssh_known_hosts (>= 0.0.0)
    systemd (>= 0.0.0)
    tar (>= 0.0.0)
    timezone-ii (>= 0.0.0)
  windows (1.44.1)
    chef_handler (>= 0.0.0)
  yum (3.11.0)
  yum-epel (0.7.0)
    yum (>= 3.6.3)
  yum-mysql-community (0.2.0)
    yum (>= 3.2)
